// !$*UTF8*$!
{
	archiveVersion = 1;
	classes = {
	};
	objectVersion = 55;
	objects = {

/* Begin PBXBuildFile section */
		8CBB20D62887C6C500B61711 /* AppDelegate.swift in Sources */ = {isa = PBXBuildFile; fileRef = 8CBB20D52887C6C500B61711 /* AppDelegate.swift */; };
		8CBB20D82887C6C500B61711 /* SceneDelegate.swift in Sources */ = {isa = PBXBuildFile; fileRef = 8CBB20D72887C6C500B61711 /* SceneDelegate.swift */; };
		8CBB20DA2887C6C500B61711 /* HomeViewController.swift in Sources */ = {isa = PBXBuildFile; fileRef = 8CBB20D92887C6C500B61711 /* HomeViewController.swift */; };
		8CBB20E02887C6C500B61711 /* CarBuddy.xcdatamodeld in Sources */ = {isa = PBXBuildFile; fileRef = 8CBB20DE2887C6C500B61711 /* CarBuddy.xcdatamodeld */; };
		8CBB20E22887C6C600B61711 /* Assets.xcassets in Resources */ = {isa = PBXBuildFile; fileRef = 8CBB20E12887C6C600B61711 /* Assets.xcassets */; };
		8CBB20E52887C6C600B61711 /* LaunchScreen.storyboard in Resources */ = {isa = PBXBuildFile; fileRef = 8CBB20E32887C6C600B61711 /* LaunchScreen.storyboard */; };
		8CBB20EE2887CB5400B61711 /* Car.swift in Sources */ = {isa = PBXBuildFile; fileRef = 8CBB20ED2887CB5400B61711 /* Car.swift */; };
		8CE8FE2928891D7200764B62 /* NetworkError.swift in Sources */ = {isa = PBXBuildFile; fileRef = 8CE8FE2828891D7200764B62 /* NetworkError.swift */; };
		8CE8FE2B2889239500764B62 /* String+Extension.swift in Sources */ = {isa = PBXBuildFile; fileRef = 8CE8FE2A2889239500764B62 /* String+Extension.swift */; };
		8CE8FE2D288928EB00764B62 /* Networker.swift in Sources */ = {isa = PBXBuildFile; fileRef = 8CE8FE2C288928EB00764B62 /* Networker.swift */; };
		8CE8FE2F28892B6100764B62 /* CarMDRoute.swift in Sources */ = {isa = PBXBuildFile; fileRef = 8CE8FE2E28892B6100764B62 /* CarMDRoute.swift */; };
		A9A1C68B288DB3E700E803F7 /* SavedViewController.swift in Sources */ = {isa = PBXBuildFile; fileRef = A9A1C68A288DB3E600E803F7 /* SavedViewController.swift */; };
		A9A1C68E288F1C0A00E803F7 /* SavedDetailsViewController.swift in Sources */ = {isa = PBXBuildFile; fileRef = A9A1C68D288F1C0A00E803F7 /* SavedDetailsViewController.swift */; };
		A9A1C690288F1C1B00E803F7 /* HomeView.swift in Sources */ = {isa = PBXBuildFile; fileRef = A9A1C68F288F1C1B00E803F7 /* HomeView.swift */; };
		A9A1C696288F1DF900E803F7 /* UITableViewCell+ReuseIdentifiable.swift in Sources */ = {isa = PBXBuildFile; fileRef = A9A1C695288F1DF900E803F7 /* UITableViewCell+ReuseIdentifiable.swift */; };
		A9A1C698288F216500E803F7 /* SavedCell.swift in Sources */ = {isa = PBXBuildFile; fileRef = A9A1C697288F216500E803F7 /* SavedCell.swift */; };
		A9F09D92288F92B000979480 /* CoreDataStack.swift in Sources */ = {isa = PBXBuildFile; fileRef = A9F09D91288F92B000979480 /* CoreDataStack.swift */; };
		A9F09D94288F986700979480 /* URLRequest+Extension.swift in Sources */ = {isa = PBXBuildFile; fileRef = A9F09D93288F986700979480 /* URLRequest+Extension.swift */; };
		A9F09D98288FA63D00979480 /* Car+Convenience.swift in Sources */ = {isa = PBXBuildFile; fileRef = A9F09D97288FA63D00979480 /* Car+Convenience.swift */; };
		A9F09D9A288FA72800979480 /* CarDetailsView.swift in Sources */ = {isa = PBXBuildFile; fileRef = A9F09D99288FA72800979480 /* CarDetailsView.swift */; };
		A9F09D9C288FC17000979480 /* Utils.swift in Sources */ = {isa = PBXBuildFile; fileRef = A9F09D9B288FC17000979480 /* Utils.swift */; };
/* End PBXBuildFile section */

/* Begin PBXFileReference section */
		8CBB20D22887C6C500B61711 /* CarBuddy.app */ = {isa = PBXFileReference; explicitFileType = wrapper.application; includeInIndex = 0; path = CarBuddy.app; sourceTree = BUILT_PRODUCTS_DIR; };
		8CBB20D52887C6C500B61711 /* AppDelegate.swift */ = {isa = PBXFileReference; lastKnownFileType = sourcecode.swift; path = AppDelegate.swift; sourceTree = "<group>"; };
		8CBB20D72887C6C500B61711 /* SceneDelegate.swift */ = {isa = PBXFileReference; lastKnownFileType = sourcecode.swift; path = SceneDelegate.swift; sourceTree = "<group>"; };
		8CBB20D92887C6C500B61711 /* HomeViewController.swift */ = {isa = PBXFileReference; lastKnownFileType = sourcecode.swift; path = HomeViewController.swift; sourceTree = "<group>"; };
		8CBB20DF2887C6C500B61711 /* CarBuddy.xcdatamodel */ = {isa = PBXFileReference; lastKnownFileType = wrapper.xcdatamodel; path = CarBuddy.xcdatamodel; sourceTree = "<group>"; };
		8CBB20E12887C6C600B61711 /* Assets.xcassets */ = {isa = PBXFileReference; lastKnownFileType = folder.assetcatalog; path = Assets.xcassets; sourceTree = "<group>"; };
		8CBB20E42887C6C600B61711 /* Base */ = {isa = PBXFileReference; lastKnownFileType = file.storyboard; name = Base; path = Base.lproj/LaunchScreen.storyboard; sourceTree = "<group>"; };
		8CBB20E62887C6C600B61711 /* Info.plist */ = {isa = PBXFileReference; lastKnownFileType = text.plist.xml; path = Info.plist; sourceTree = "<group>"; };
		8CBB20ED2887CB5400B61711 /* Car.swift */ = {isa = PBXFileReference; lastKnownFileType = sourcecode.swift; path = Car.swift; sourceTree = "<group>"; };
		8CE8FE2828891D7200764B62 /* NetworkError.swift */ = {isa = PBXFileReference; lastKnownFileType = sourcecode.swift; path = NetworkError.swift; sourceTree = "<group>"; };
		8CE8FE2A2889239500764B62 /* String+Extension.swift */ = {isa = PBXFileReference; lastKnownFileType = sourcecode.swift; path = "String+Extension.swift"; sourceTree = "<group>"; };
		8CE8FE2C288928EB00764B62 /* Networker.swift */ = {isa = PBXFileReference; lastKnownFileType = sourcecode.swift; path = Networker.swift; sourceTree = "<group>"; };
		8CE8FE2E28892B6100764B62 /* CarMDRoute.swift */ = {isa = PBXFileReference; lastKnownFileType = sourcecode.swift; path = CarMDRoute.swift; sourceTree = "<group>"; };
		A9A1C68A288DB3E600E803F7 /* SavedViewController.swift */ = {isa = PBXFileReference; lastKnownFileType = sourcecode.swift; path = SavedViewController.swift; sourceTree = "<group>"; };
		A9A1C68D288F1C0A00E803F7 /* SavedDetailsViewController.swift */ = {isa = PBXFileReference; lastKnownFileType = sourcecode.swift; path = SavedDetailsViewController.swift; sourceTree = "<group>"; };
		A9A1C68F288F1C1B00E803F7 /* HomeView.swift */ = {isa = PBXFileReference; lastKnownFileType = sourcecode.swift; path = HomeView.swift; sourceTree = "<group>"; };
		A9A1C695288F1DF900E803F7 /* UITableViewCell+ReuseIdentifiable.swift */ = {isa = PBXFileReference; lastKnownFileType = sourcecode.swift; path = "UITableViewCell+ReuseIdentifiable.swift"; sourceTree = "<group>"; };
		A9A1C697288F216500E803F7 /* SavedCell.swift */ = {isa = PBXFileReference; lastKnownFileType = sourcecode.swift; path = SavedCell.swift; sourceTree = "<group>"; };
		A9F09D91288F92B000979480 /* CoreDataStack.swift */ = {isa = PBXFileReference; lastKnownFileType = sourcecode.swift; path = CoreDataStack.swift; sourceTree = "<group>"; };
		A9F09D93288F986700979480 /* URLRequest+Extension.swift */ = {isa = PBXFileReference; lastKnownFileType = sourcecode.swift; path = "URLRequest+Extension.swift"; sourceTree = "<group>"; };
		A9F09D97288FA63D00979480 /* Car+Convenience.swift */ = {isa = PBXFileReference; lastKnownFileType = sourcecode.swift; path = "Car+Convenience.swift"; sourceTree = "<group>"; };
		A9F09D99288FA72800979480 /* CarDetailsView.swift */ = {isa = PBXFileReference; lastKnownFileType = sourcecode.swift; path = CarDetailsView.swift; sourceTree = "<group>"; };
		A9F09D9B288FC17000979480 /* Utils.swift */ = {isa = PBXFileReference; lastKnownFileType = sourcecode.swift; path = Utils.swift; sourceTree = "<group>"; };
/* End PBXFileReference section */

/* Begin PBXFrameworksBuildPhase section */
		8CBB20CF2887C6C500B61711 /* Frameworks */ = {
			isa = PBXFrameworksBuildPhase;
			buildActionMask = 2147483647;
			files = (
			);
			runOnlyForDeploymentPostprocessing = 0;
		};
/* End PBXFrameworksBuildPhase section */

/* Begin PBXGroup section */
		8C84D4D828888F8D008EC1A9 /* Resources */ = {
			isa = PBXGroup;
			children = (
				8CBB20D52887C6C500B61711 /* AppDelegate.swift */,
				8CBB20D72887C6C500B61711 /* SceneDelegate.swift */,
				8CBB20E32887C6C600B61711 /* LaunchScreen.storyboard */,
				8CBB20E12887C6C600B61711 /* Assets.xcassets */,
				8CBB20E62887C6C600B61711 /* Info.plist */,
				A9F09D9B288FC17000979480 /* Utils.swift */,
			);
			path = Resources;
			sourceTree = "<group>";
		};
		8C84D4D928888F98008EC1A9 /* Model */ = {
			isa = PBXGroup;
			children = (
				A9F09D96288FA45E00979480 /* CoreData */,
				8CBB20ED2887CB5400B61711 /* Car.swift */,
				8CE8FE2728891D4E00764B62 /* Networking */,
			);
			path = Model;
			sourceTree = "<group>";
		};
		8C84D4DA28888FA0008EC1A9 /* Controllers */ = {
			isa = PBXGroup;
			children = (
				8CBB20D92887C6C500B61711 /* HomeViewController.swift */,
				A9A1C68A288DB3E600E803F7 /* SavedViewController.swift */,
				A9A1C68D288F1C0A00E803F7 /* SavedDetailsViewController.swift */,
			);
			path = Controllers;
			sourceTree = "<group>";
		};
		8CBB20C92887C6C500B61711 = {
			isa = PBXGroup;
			children = (
				8CBB20D42887C6C500B61711 /* CarBuddy */,
				8CBB20D32887C6C500B61711 /* Products */,
			);
			sourceTree = "<group>";
		};
		8CBB20D32887C6C500B61711 /* Products */ = {
			isa = PBXGroup;
			children = (
				8CBB20D22887C6C500B61711 /* CarBuddy.app */,
			);
			name = Products;
			sourceTree = "<group>";
		};
		8CBB20D42887C6C500B61711 /* CarBuddy */ = {
			isa = PBXGroup;
			children = (
				A9A1C68C288DB8C800E803F7 /* Views */,
				8C84D4DA28888FA0008EC1A9 /* Controllers */,
				8C84D4D928888F98008EC1A9 /* Model */,
				8C84D4D828888F8D008EC1A9 /* Resources */,
			);
			path = CarBuddy;
			sourceTree = "<group>";
		};
		8CE8FE2728891D4E00764B62 /* Networking */ = {
			isa = PBXGroup;
			children = (
				8CE8FE2A2889239500764B62 /* String+Extension.swift */,
				A9F09D93288F986700979480 /* URLRequest+Extension.swift */,
				8CE8FE2828891D7200764B62 /* NetworkError.swift */,
				8CE8FE2C288928EB00764B62 /* Networker.swift */,
				8CE8FE2E28892B6100764B62 /* CarMDRoute.swift */,
			);
			path = Networking;
			sourceTree = "<group>";
		};
		A9A1C68C288DB8C800E803F7 /* Views */ = {
			isa = PBXGroup;
			children = (
				A9A1C68F288F1C1B00E803F7 /* HomeView.swift */,
				A9F09D99288FA72800979480 /* CarDetailsView.swift */,
				A9A1C699288F21D000E803F7 /* Cell */,
			);
			path = Views;
			sourceTree = "<group>";
		};
		A9A1C699288F21D000E803F7 /* Cell */ = {
			isa = PBXGroup;
			children = (
				A9A1C695288F1DF900E803F7 /* UITableViewCell+ReuseIdentifiable.swift */,
				A9A1C697288F216500E803F7 /* SavedCell.swift */,
			);
			name = Cell;
			sourceTree = "<group>";
		};
		A9F09D96288FA45E00979480 /* CoreData */ = {
			isa = PBXGroup;
			children = (
				8CBB20DE2887C6C500B61711 /* CarBuddy.xcdatamodeld */,
				A9F09D91288F92B000979480 /* CoreDataStack.swift */,
				A9F09D97288FA63D00979480 /* Car+Convenience.swift */,
			);
			path = CoreData;
			sourceTree = "<group>";
		};
/* End PBXGroup section */

/* Begin PBXNativeTarget section */
		8CBB20D12887C6C500B61711 /* CarBuddy */ = {
			isa = PBXNativeTarget;
			buildConfigurationList = 8CBB20E92887C6C600B61711 /* Build configuration list for PBXNativeTarget "CarBuddy" */;
			buildPhases = (
				8CBB20CE2887C6C500B61711 /* Sources */,
				8CBB20CF2887C6C500B61711 /* Frameworks */,
				8CBB20D02887C6C500B61711 /* Resources */,
			);
			buildRules = (
			);
			dependencies = (
			);
			name = CarBuddy;
			productName = CarBuddy;
			productReference = 8CBB20D22887C6C500B61711 /* CarBuddy.app */;
			productType = "com.apple.product-type.application";
		};
/* End PBXNativeTarget section */

/* Begin PBXProject section */
		8CBB20CA2887C6C500B61711 /* Project object */ = {
			isa = PBXProject;
			attributes = {
				BuildIndependentTargetsInParallel = 1;
				LastSwiftUpdateCheck = 1330;
				LastUpgradeCheck = 1330;
				TargetAttributes = {
					8CBB20D12887C6C500B61711 = {
						CreatedOnToolsVersion = 13.3.1;
					};
				};
			};
			buildConfigurationList = 8CBB20CD2887C6C500B61711 /* Build configuration list for PBXProject "CarBuddy" */;
			compatibilityVersion = "Xcode 13.0";
			developmentRegion = en;
			hasScannedForEncodings = 0;
			knownRegions = (
				en,
				Base,
			);
			mainGroup = 8CBB20C92887C6C500B61711;
			productRefGroup = 8CBB20D32887C6C500B61711 /* Products */;
			projectDirPath = "";
			projectRoot = "";
			targets = (
				8CBB20D12887C6C500B61711 /* CarBuddy */,
			);
		};
/* End PBXProject section */

/* Begin PBXResourcesBuildPhase section */
		8CBB20D02887C6C500B61711 /* Resources */ = {
			isa = PBXResourcesBuildPhase;
			buildActionMask = 2147483647;
			files = (
				8CBB20E52887C6C600B61711 /* LaunchScreen.storyboard in Resources */,
				8CBB20E22887C6C600B61711 /* Assets.xcassets in Resources */,
			);
			runOnlyForDeploymentPostprocessing = 0;
		};
/* End PBXResourcesBuildPhase section */

/* Begin PBXSourcesBuildPhase section */
		8CBB20CE2887C6C500B61711 /* Sources */ = {
			isa = PBXSourcesBuildPhase;
			buildActionMask = 2147483647;
			files = (
				8CBB20DA2887C6C500B61711 /* HomeViewController.swift in Sources */,
				8CE8FE2F28892B6100764B62 /* CarMDRoute.swift in Sources */,
				A9A1C68E288F1C0A00E803F7 /* SavedDetailsViewController.swift in Sources */,
				A9A1C696288F1DF900E803F7 /* UITableViewCell+ReuseIdentifiable.swift in Sources */,
				A9F09D9A288FA72800979480 /* CarDetailsView.swift in Sources */,
				8CE8FE2B2889239500764B62 /* String+Extension.swift in Sources */,
				A9A1C698288F216500E803F7 /* SavedCell.swift in Sources */,
				8CBB20D62887C6C500B61711 /* AppDelegate.swift in Sources */,
				8CE8FE2D288928EB00764B62 /* Networker.swift in Sources */,
				8CBB20EE2887CB5400B61711 /* Car.swift in Sources */,
				A9F09D94288F986700979480 /* URLRequest+Extension.swift in Sources */,
				A9F09D98288FA63D00979480 /* Car+Convenience.swift in Sources */,
				8CE8FE2928891D7200764B62 /* NetworkError.swift in Sources */,
				8CBB20D82887C6C500B61711 /* SceneDelegate.swift in Sources */,
				A9F09D92288F92B000979480 /* CoreDataStack.swift in Sources */,
				A9A1C690288F1C1B00E803F7 /* HomeView.swift in Sources */,
				A9A1C68B288DB3E700E803F7 /* SavedViewController.swift in Sources */,
				A9F09D9C288FC17000979480 /* Utils.swift in Sources */,
				8CBB20E02887C6C500B61711 /* CarBuddy.xcdatamodeld in Sources */,
			);
			runOnlyForDeploymentPostprocessing = 0;
		};
/* End PBXSourcesBuildPhase section */

/* Begin PBXVariantGroup section */
		8CBB20E32887C6C600B61711 /* LaunchScreen.storyboard */ = {
			isa = PBXVariantGroup;
			children = (
				8CBB20E42887C6C600B61711 /* Base */,
			);
			name = LaunchScreen.storyboard;
			sourceTree = "<group>";
		};
/* End PBXVariantGroup section */

/* Begin XCBuildConfiguration section */
		8CBB20E72887C6C600B61711 /* Debug */ = {
			isa = XCBuildConfiguration;
			buildSettings = {
				ALWAYS_SEARCH_USER_PATHS = NO;
				CLANG_ANALYZER_NONNULL = YES;
				CLANG_ANALYZER_NUMBER_OBJECT_CONVERSION = YES_AGGRESSIVE;
				CLANG_CXX_LANGUAGE_STANDARD = "gnu++17";
				CLANG_ENABLE_MODULES = YES;
				CLANG_ENABLE_OBJC_ARC = YES;
				CLANG_ENABLE_OBJC_WEAK = YES;
				CLANG_WARN_BLOCK_CAPTURE_AUTORELEASING = YES;
				CLANG_WARN_BOOL_CONVERSION = YES;
				CLANG_WARN_COMMA = YES;
				CLANG_WARN_CONSTANT_CONVERSION = YES;
				CLANG_WARN_DEPRECATED_OBJC_IMPLEMENTATIONS = YES;
				CLANG_WARN_DIRECT_OBJC_ISA_USAGE = YES_ERROR;
				CLANG_WARN_DOCUMENTATION_COMMENTS = YES;
				CLANG_WARN_EMPTY_BODY = YES;
				CLANG_WARN_ENUM_CONVERSION = YES;
				CLANG_WARN_INFINITE_RECURSION = YES;
				CLANG_WARN_INT_CONVERSION = YES;
				CLANG_WARN_NON_LITERAL_NULL_CONVERSION = YES;
				CLANG_WARN_OBJC_IMPLICIT_RETAIN_SELF = YES;
				CLANG_WARN_OBJC_LITERAL_CONVERSION = YES;
				CLANG_WARN_OBJC_ROOT_CLASS = YES_ERROR;
				CLANG_WARN_QUOTED_INCLUDE_IN_FRAMEWORK_HEADER = YES;
				CLANG_WARN_RANGE_LOOP_ANALYSIS = YES;
				CLANG_WARN_STRICT_PROTOTYPES = YES;
				CLANG_WARN_SUSPICIOUS_MOVE = YES;
				CLANG_WARN_UNGUARDED_AVAILABILITY = YES_AGGRESSIVE;
				CLANG_WARN_UNREACHABLE_CODE = YES;
				CLANG_WARN__DUPLICATE_METHOD_MATCH = YES;
				COPY_PHASE_STRIP = NO;
				DEBUG_INFORMATION_FORMAT = dwarf;
				ENABLE_STRICT_OBJC_MSGSEND = YES;
				ENABLE_TESTABILITY = YES;
				GCC_C_LANGUAGE_STANDARD = gnu11;
				GCC_DYNAMIC_NO_PIC = NO;
				GCC_NO_COMMON_BLOCKS = YES;
				GCC_OPTIMIZATION_LEVEL = 0;
				GCC_PREPROCESSOR_DEFINITIONS = (
					"DEBUG=1",
					"$(inherited)",
				);
				GCC_WARN_64_TO_32_BIT_CONVERSION = YES;
				GCC_WARN_ABOUT_RETURN_TYPE = YES_ERROR;
				GCC_WARN_UNDECLARED_SELECTOR = YES;
				GCC_WARN_UNINITIALIZED_AUTOS = YES_AGGRESSIVE;
				GCC_WARN_UNUSED_FUNCTION = YES;
				GCC_WARN_UNUSED_VARIABLE = YES;
				IPHONEOS_DEPLOYMENT_TARGET = 15.4;
				MTL_ENABLE_DEBUG_INFO = INCLUDE_SOURCE;
				MTL_FAST_MATH = YES;
				ONLY_ACTIVE_ARCH = YES;
				SDKROOT = iphoneos;
				SWIFT_ACTIVE_COMPILATION_CONDITIONS = DEBUG;
				SWIFT_OPTIMIZATION_LEVEL = "-Onone";
			};
			name = Debug;
		};
		8CBB20E82887C6C600B61711 /* Release */ = {
			isa = XCBuildConfiguration;
			buildSettings = {
				ALWAYS_SEARCH_USER_PATHS = NO;
				CLANG_ANALYZER_NONNULL = YES;
				CLANG_ANALYZER_NUMBER_OBJECT_CONVERSION = YES_AGGRESSIVE;
				CLANG_CXX_LANGUAGE_STANDARD = "gnu++17";
				CLANG_ENABLE_MODULES = YES;
				CLANG_ENABLE_OBJC_ARC = YES;
				CLANG_ENABLE_OBJC_WEAK = YES;
				CLANG_WARN_BLOCK_CAPTURE_AUTORELEASING = YES;
				CLANG_WARN_BOOL_CONVERSION = YES;
				CLANG_WARN_COMMA = YES;
				CLANG_WARN_CONSTANT_CONVERSION = YES;
				CLANG_WARN_DEPRECATED_OBJC_IMPLEMENTATIONS = YES;
				CLANG_WARN_DIRECT_OBJC_ISA_USAGE = YES_ERROR;
				CLANG_WARN_DOCUMENTATION_COMMENTS = YES;
				CLANG_WARN_EMPTY_BODY = YES;
				CLANG_WARN_ENUM_CONVERSION = YES;
				CLANG_WARN_INFINITE_RECURSION = YES;
				CLANG_WARN_INT_CONVERSION = YES;
				CLANG_WARN_NON_LITERAL_NULL_CONVERSION = YES;
				CLANG_WARN_OBJC_IMPLICIT_RETAIN_SELF = YES;
				CLANG_WARN_OBJC_LITERAL_CONVERSION = YES;
				CLANG_WARN_OBJC_ROOT_CLASS = YES_ERROR;
				CLANG_WARN_QUOTED_INCLUDE_IN_FRAMEWORK_HEADER = YES;
				CLANG_WARN_RANGE_LOOP_ANALYSIS = YES;
				CLANG_WARN_STRICT_PROTOTYPES = YES;
				CLANG_WARN_SUSPICIOUS_MOVE = YES;
				CLANG_WARN_UNGUARDED_AVAILABILITY = YES_AGGRESSIVE;
				CLANG_WARN_UNREACHABLE_CODE = YES;
				CLANG_WARN__DUPLICATE_METHOD_MATCH = YES;
				COPY_PHASE_STRIP = NO;
				DEBUG_INFORMATION_FORMAT = "dwarf-with-dsym";
				ENABLE_NS_ASSERTIONS = NO;
				ENABLE_STRICT_OBJC_MSGSEND = YES;
				GCC_C_LANGUAGE_STANDARD = gnu11;
				GCC_NO_COMMON_BLOCKS = YES;
				GCC_WARN_64_TO_32_BIT_CONVERSION = YES;
				GCC_WARN_ABOUT_RETURN_TYPE = YES_ERROR;
				GCC_WARN_UNDECLARED_SELECTOR = YES;
				GCC_WARN_UNINITIALIZED_AUTOS = YES_AGGRESSIVE;
				GCC_WARN_UNUSED_FUNCTION = YES;
				GCC_WARN_UNUSED_VARIABLE = YES;
				IPHONEOS_DEPLOYMENT_TARGET = 15.4;
				MTL_ENABLE_DEBUG_INFO = NO;
				MTL_FAST_MATH = YES;
				SDKROOT = iphoneos;
				SWIFT_COMPILATION_MODE = wholemodule;
				SWIFT_OPTIMIZATION_LEVEL = "-O";
				VALIDATE_PRODUCT = YES;
			};
			name = Release;
		};
		8CBB20EA2887C6C600B61711 /* Debug */ = {
			isa = XCBuildConfiguration;
			buildSettings = {
				ASSETCATALOG_COMPILER_APPICON_NAME = AppIcon;
				ASSETCATALOG_COMPILER_GLOBAL_ACCENT_COLOR_NAME = AccentColor;
				CODE_SIGN_STYLE = Automatic;
				CURRENT_PROJECT_VERSION = 1;
				DEVELOPMENT_TEAM = Z8LSNSJFBA;
				GENERATE_INFOPLIST_FILE = YES;
				INFOPLIST_FILE = CarBuddy/Resources/Info.plist;
				INFOPLIST_KEY_UIApplicationSupportsIndirectInputEvents = YES;
				INFOPLIST_KEY_UILaunchStoryboardName = LaunchScreen;
				INFOPLIST_KEY_UISupportedInterfaceOrientations_iPad = "UIInterfaceOrientationPortrait UIInterfaceOrientationPortraitUpsideDown UIInterfaceOrientationLandscapeLeft UIInterfaceOrientationLandscapeRight";
				INFOPLIST_KEY_UISupportedInterfaceOrientations_iPhone = "UIInterfaceOrientationPortrait UIInterfaceOrientationLandscapeLeft UIInterfaceOrientationLandscapeRight";
				LD_RUNPATH_SEARCH_PATHS = (
					"$(inherited)",
					"@executable_path/Frameworks",
				);
				MARKETING_VERSION = 1.0;
				PRODUCT_BUNDLE_IDENTIFIER = com.aqsacodes.CarBuddy;
				PRODUCT_NAME = "$(TARGET_NAME)";
				SWIFT_EMIT_LOC_STRINGS = YES;
				SWIFT_VERSION = 5.0;
				TARGETED_DEVICE_FAMILY = "1,2";
			};
			name = Debug;
		};
		8CBB20EB2887C6C600B61711 /* Release */ = {
			isa = XCBuildConfiguration;
			buildSettings = {
				ASSETCATALOG_COMPILER_APPICON_NAME = AppIcon;
				ASSETCATALOG_COMPILER_GLOBAL_ACCENT_COLOR_NAME = AccentColor;
				CODE_SIGN_STYLE = Automatic;
				CURRENT_PROJECT_VERSION = 1;
				DEVELOPMENT_TEAM = Z8LSNSJFBA;
				GENERATE_INFOPLIST_FILE = YES;
				INFOPLIST_FILE = CarBuddy/Resources/Info.plist;
				INFOPLIST_KEY_UIApplicationSupportsIndirectInputEvents = YES;
				INFOPLIST_KEY_UILaunchStoryboardName = LaunchScreen;
				INFOPLIST_KEY_UISupportedInterfaceOrientations_iPad = "UIInterfaceOrientationPortrait UIInterfaceOrientationPortraitUpsideDown UIInterfaceOrientationLandscapeLeft UIInterfaceOrientationLandscapeRight";
				INFOPLIST_KEY_UISupportedInterfaceOrientations_iPhone = "UIInterfaceOrientationPortrait UIInterfaceOrientationLandscapeLeft UIInterfaceOrientationLandscapeRight";
				LD_RUNPATH_SEARCH_PATHS = (
					"$(inherited)",
					"@executable_path/Frameworks",
				);
				MARKETING_VERSION = 1.0;
				PRODUCT_BUNDLE_IDENTIFIER = com.aqsacodes.CarBuddy;
				PRODUCT_NAME = "$(TARGET_NAME)";
				SWIFT_EMIT_LOC_STRINGS = YES;
				SWIFT_VERSION = 5.0;
				TARGETED_DEVICE_FAMILY = "1,2";
			};
			name = Release;
		};
/* End XCBuildConfiguration section */

/* Begin XCConfigurationList section */
		8CBB20CD2887C6C500B61711 /* Build configuration list for PBXProject "CarBuddy" */ = {
			isa = XCConfigurationList;
			buildConfigurations = (
				8CBB20E72887C6C600B61711 /* Debug */,
				8CBB20E82887C6C600B61711 /* Release */,
			);
			defaultConfigurationIsVisible = 0;
			defaultConfigurationName = Release;
		};
		8CBB20E92887C6C600B61711 /* Build configuration list for PBXNativeTarget "CarBuddy" */ = {
			isa = XCConfigurationList;
			buildConfigurations = (
				8CBB20EA2887C6C600B61711 /* Debug */,
				8CBB20EB2887C6C600B61711 /* Release */,
			);
			defaultConfigurationIsVisible = 0;
			defaultConfigurationName = Release;
		};
/* End XCConfigurationList section */

/* Begin XCVersionGroup section */
		8CBB20DE2887C6C500B61711 /* CarBuddy.xcdatamodeld */ = {
			isa = XCVersionGroup;
			children = (
				8CBB20DF2887C6C500B61711 /* CarBuddy.xcdatamodel */,
			);
			currentVersion = 8CBB20DF2887C6C500B61711 /* CarBuddy.xcdatamodel */;
			path = CarBuddy.xcdatamodeld;
			sourceTree = "<group>";
			versionGroupType = wrapper.xcdatamodel;
		};
/* End XCVersionGroup section */
	};
	rootObject = 8CBB20CA2887C6C500B61711 /* Project object */;
}
